
Microsoft Visual Studio Solution File, Format Version 12.00
# Visual Studio Version 16
VisualStudioVersion = 16.0.29306.81
MinimumVisualStudioVersion = 10.0.40219.1
Project("{FAE04EC0-301F-11D3-BF4B-00C04F79EFBC}") = "MonitorAndKill", "MonitorAndKill.csproj", "{67F7089E-13C2-4B8A-9810-240BFAC17D2A}"
EndProject
Global
	GlobalSection(SolutionConfigurationPlatforms) = preSolution
		Debug|Any CPU = Debug|Any CPU
		Release|Any CPU = Release|Any CPU
	EndGlobalSection
	GlobalSection(ProjectConfigurationPlatforms) = postSolution
		{67F7089E-13C2-4B8A-9810-240BFAC17D2A}.Debug|Any CPU.ActiveCfg = Debug|Any CPU
		{67F7089E-13C2-4B8A-9810-240BFAC17D2A}.Debug|Any CPU.Build.0 = Debug|Any CPU
		{67F7089E-13C2-4B8A-9810-240BFAC17D2A}.Release|Any CPU.ActiveCfg = Release|Any CPU
		{67F7089E-13C2-4B8A-9810-240BFAC17D2A}.Release|Any CPU.Build.0 = Release|Any CPU
	EndGlobalSection
	GlobalSection(SolutionProperties) = preSolution
		HideSolutionNode = FALSE
	EndGlobalSection
	GlobalSection(ExtensibilityGlobals) = postSolution
		SolutionGuid = {F8F4439B-BF3D-4861-82E6-788D3CDD1945}
	EndGlobalSection
EndGlobal
